{"archiveVersion":"1","classes":{},"objectVersion":"60","objects":{"7A40892F373D938541ABD5C0B364F9EB":{"isa":"PBXFileReference","lastKnownFileType":"sourcecode.swift","path":"App/MeloPlayerApp.swift","sourceTree":"SOURCE_ROOT"},"E75B11C6AD8C8CEAB9F2976F47FBEDDF":{"isa":"PBXFileReference","lastKnownFileType":"sourcecode.swift","path":"App/RootTabView.swift","sourceTree":"SOURCE_ROOT"},"985567CE226265303ADB91A036BF83AC":{"isa":"PBXFileReference","lastKnownFileType":"sourcecode.swift","path":"Core/Audio/AudioEngineCoordinator.swift","sourceTree":"SOURCE_ROOT"},"A57A3DEA65BA4A0F4F8AAFD220663ED0":{"isa":"PBXFileReference","lastKnownFileType":"sourcecode.swift","path":"Core/Audio/AudioSessionManager.swift","sourceTree":"SOURCE_ROOT"},"088D0932D60175C2BDA5243D1EC0BEE5":{"isa":"PBXFileReference","lastKnownFileType":"sourcecode.swift","path":"Core/Audio/EqualizerManager.swift","sourceTree":"SOURCE_ROOT"},"DC6CCC327DF2C2B22E5AAEBD83AB901B":{"isa":"PBXFileReference","lastKnownFileType":"sourcecode.swift","path":"Core/Audio/RemoteCommandManager.swift","sourceTree":"SOURCE_ROOT"},"186C58B29862E0F093A0297C699C172F":{"isa":"PBXFileReference","lastKnownFileType":"sourcecode.swift","path":"Core/Data/LibraryStore.swift","sourceTree":"SOURCE_ROOT"},"BCF87B68042DE0E180F578E2CE4060B7":{"isa":"PBXFileReference","lastKnownFileType":"sourcecode.swift","path":"Core/Data/Models/Track.swift","sourceTree":"SOURCE_ROOT"},"4D19AFF36DFAF010F9083858B797561B":{"isa":"PBXFileReference","lastKnownFileType":"sourcecode.swift","path":"Core/Data/Models/Playlist.swift","sourceTree":"SOURCE_ROOT"},"3C3196F356410AD962C7DBD92B67B9DC":{"isa":"PBXFileReference","lastKnownFileType":"sourcecode.swift","path":"Core/Data/Models/DownloadedTrack.swift","sourceTree":"SOURCE_ROOT"},"DAEE62926B4327E27DB63C120E37F831":{"isa":"PBXFileReference","lastKnownFileType":"sourcecode.swift","path":"Core/Data/Models/PlayQueue.swift","sourceTree":"SOURCE_ROOT"},"74394C977DCBF4E3841CBE31C39B03D6":{"isa":"PBXFileReference","lastKnownFileType":"sourcecode.swift","path":"Core/Downloads/DownloadManager.swift","sourceTree":"SOURCE_ROOT"},"71BBD7396A95F2D8B56C4531A1F89A71":{"isa":"PBXFileReference","lastKnownFileType":"sourcecode.swift","path":"Core/FileSystem/LocalFileImporter.swift","sourceTree":"SOURCE_ROOT"},"FA77B8BED9AF975201B1FDCA31B3E000":{"isa":"PBXFileReference","lastKnownFileType":"sourcecode.swift","path":"Core/Network/AudioSource.swift","sourceTree":"SOURCE_ROOT"},"C6C03F90E4867EDFAA3ADA25ED3E22AD":{"isa":"PBXFileReference","lastKnownFileType":"sourcecode.swift","path":"Core/Network/GlitchiAPIClient.swift","sourceTree":"SOURCE_ROOT"},"C14FF5F9C3E93A4C0130C553D8CFD56E":{"isa":"PBXFileReference","lastKnownFileType":"sourcecode.swift","path":"Features/Browse/AudiusSearchView.swift","sourceTree":"SOURCE_ROOT"},"2116E4FD81E6C194B3F81BF80BC2F485":{"isa":"PBXFileReference","lastKnownFileType":"sourcecode.swift","path":"Features/Browse/BrowseView.swift","sourceTree":"SOURCE_ROOT"},"EC9F8EBCCC375EED7B0014686AD5BBE9":{"isa":"PBXFileReference","lastKnownFileType":"sourcecode.swift","path":"Features/Browse/BrowseViewModel.swift","sourceTree":"SOURCE_ROOT"},"89F433EFABF2A0043360ECE3E9217294":{"isa":"PBXFileReference","lastKnownFileType":"sourcecode.swift","path":"Features/Browse/GenreListView.swift","sourceTree":"SOURCE_ROOT"},"F29335655471C0106AFE133D8ED1A1BC":{"isa":"PBXFileReference","lastKnownFileType":"sourcecode.swift","path":"Features/Browse/TrackRowView.swift","sourceTree":"SOURCE_ROOT"},"F2CE752B5BF525283C98CD5873CFFFEA":{"isa":"PBXFileReference","lastKnownFileType":"sourcecode.swift","path":"Features/Folders/FolderBrowserView.swift","sourceTree":"SOURCE_ROOT"},"71442E8D5500353B1C1542F43081ED85":{"isa":"PBXFileReference","lastKnownFileType":"sourcecode.swift","path":"Features/Folders/FolderViewModel.swift","sourceTree":"SOURCE_ROOT"},"FDCAF8C952C959C6A06ADC7F414C344A":{"isa":"PBXFileReference","lastKnownFileType":"sourcecode.swift","path":"Features/Library/AlbumsGridView.swift","sourceTree":"SOURCE_ROOT"},"5EC224BCD23C400191477DAA0C69EDF5":{"isa":"PBXFileReference","lastKnownFileType":"sourcecode.swift","path":"Features/Library/ArtistsListView.swift","sourceTree":"SOURCE_ROOT"},"BBBF4BA711DC2122E4100BC7C1B3C06F":{"isa":"PBXFileReference","lastKnownFileType":"sourcecode.swift","path":"Features/Library/FavoritesView.swift","sourceTree":"SOURCE_ROOT"},"163BD97181D893D59D29D584BEFB9E0A":{"isa":"PBXFileReference","lastKnownFileType":"sourcecode.swift","path":"Features/Library/LibraryView.swift","sourceTree":"SOURCE_ROOT"},"E61FD5165CF38CB7E66F1EBF6F4FA71D":{"isa":"PBXFileReference","lastKnownFileType":"sourcecode.swift","path":"Features/Library/PlaylistsView.swift","sourceTree":"SOURCE_ROOT"},"CFFBF6C5760EF52F6279D4A3A52B3F51":{"isa":"PBXFileReference","lastKnownFileType":"sourcecode.swift","path":"Features/Player/AirPlayRouteButton.swift","sourceTree":"SOURCE_ROOT"},"C20DC51EC27BF229B2CA39C73CADC2D5":{"isa":"PBXFileReference","lastKnownFileType":"sourcecode.swift","path":"Features/Player/CustomSlider.swift","sourceTree":"SOURCE_ROOT"},"9D168331C37BC8F7E40EDA108785BCD4":{"isa":"PBXFileReference","lastKnownFileType":"sourcecode.swift","path":"Features/Player/EqualizerView.swift","sourceTree":"SOURCE_ROOT"},"9E422497BDA7267E1AD4FCE8211DB204":{"isa":"PBXFileReference","lastKnownFileType":"sourcecode.swift","path":"Features/Player/MiniPlayerView.swift","sourceTree":"SOURCE_ROOT"},"44EABD90BBC737A14B963BD47D3DDFD5":{"isa":"PBXFileReference","lastKnownFileType":"sourcecode.swift","path":"Features/Player/NowPlayingView.swift","sourceTree":"SOURCE_ROOT"},"16AD7D7CC10B4E6D970B028C5D90B270":{"isa":"PBXFileReference","lastKnownFileType":"sourcecode.swift","path":"Features/Player/PlayerViewModel.swift","sourceTree":"SOURCE_ROOT"},"D33905BD5BA2314103FBF0F8CE5E5082":{"isa":"PBXFileReference","lastKnownFileType":"sourcecode.swift","path":"Features/Player/QueueView.swift","sourceTree":"SOURCE_ROOT"},"72CC7D1008A02A56EDE22EB3AB688B80":{"isa":"PBXFileReference","lastKnownFileType":"sourcecode.swift","path":"Features/Player/SleepTimerSheet.swift","sourceTree":"SOURCE_ROOT"},"919166DAF234191C4B32A1676FA6CBE8":{"isa":"PBXFileReference","lastKnownFileType":"sourcecode.swift","path":"Features/Settings/SettingsView.swift","sourceTree":"SOURCE_ROOT"},"4737846A926AE90871F9B47335DD9C2E":{"isa":"PBXFileReference","lastKnownFileType":"sourcecode.swift","path":"Features/Settings/ThemeManager.swift","sourceTree":"SOURCE_ROOT"},"FEE41BA3B191D370F89DFF7C4EE81F6E":{"isa":"PBXFileReference","lastKnownFileType":"sourcecode.swift","path":"MeloWidgetExtension/MeloWidgetBundle.swift","sourceTree":"SOURCE_ROOT"},"ABF0D0B13FD19BCDCD391192D1D86306":{"isa":"PBXFileReference","lastKnownFileType":"sourcecode.swift","path":"MeloWidgetExtension/NowPlayingWidget.swift","sourceTree":"SOURCE_ROOT"},"1D53EB4D4BC14B46B38B39AF0ADDA646":{"isa":"PBXFileReference","lastKnownFileType":"sourcecode.swift","path":"MeloWidgetExtension/NowPlayingWidgetView.swift","sourceTree":"SOURCE_ROOT"},"D6EB94848C87E4C1D024BDD5CC73D8F6":{"isa":"PBXFileReference","lastKnownFileType":"sourcecode.swift","path":"MeloWidgetExtension/WidgetIntents.swift","sourceTree":"SOURCE_ROOT"},"8D02A1A59BEE70F1B820034069D43A17":{"isa":"PBXFileReference","lastKnownFileType":"folder.assetcatalog","path":"Resources/Assets.xcassets","sourceTree":"SOURCE_ROOT"},"A40CB4649D27A987F004FC633BF92D40":{"isa":"PBXFileReference","explicitFileType":"wrapper.application","includeInIndex":0,"path":"MeloPlayerClone.app","sourceTree":"BUILT_PRODUCTS_DIR"},"5229860793CBDC3F4D12BAC278971D59":{"isa":"PBXFileReference","explicitFileType":"wrapper.app-extension","includeInIndex":0,"path":"MeloWidgetExtension.appex","sourceTree":"BUILT_PRODUCTS_DIR"},"2C69FFC13CFD9C0E57F1FE7ABAF87B1E":{"isa":"PBXBuildFile","fileRef":"7A40892F373D938541ABD5C0B364F9EB"},"A143693FFFEE9C2A24CBE1A786129E21":{"isa":"PBXBuildFile","fileRef":"E75B11C6AD8C8CEAB9F2976F47FBEDDF"},"4C05AE08C44C8E4C2D1E284718C0F1E2":{"isa":"PBXBuildFile","fileRef":"985567CE226265303ADB91A036BF83AC"},"C153831529BA900B98FBB96CC5ECC1D0":{"isa":"PBXBuildFile","fileRef":"A57A3DEA65BA4A0F4F8AAFD220663ED0"},"4046871D319194DE7C56F1D6683716D1":{"isa":"PBXBuildFile","fileRef":"088D0932D60175C2BDA5243D1EC0BEE5"},"393FCF5E55A9AF9B5C974FF90804484D":{"isa":"PBXBuildFile","fileRef":"DC6CCC327DF2C2B22E5AAEBD83AB901B"},"8478D84330F40A689760BD0C9F1959D3":{"isa":"PBXBuildFile","fileRef":"186C58B29862E0F093A0297C699C172F"},"2943D6C9F6A8DE70E3829F0B7568AB65":{"isa":"PBXBuildFile","fileRef":"BCF87B68042DE0E180F578E2CE4060B7"},"795DDB8C943CD7523F7A7530540FC0ED":{"isa":"PBXBuildFile","fileRef":"4D19AFF36DFAF010F9083858B797561B"},"F2C8398C7F29113FC551D3F9DE8BACB4":{"isa":"PBXBuildFile","fileRef":"3C3196F356410AD962C7DBD92B67B9DC"},"EA812D00DD4370CA71D667BBA14DD626":{"isa":"PBXBuildFile","fileRef":"DAEE62926B4327E27DB63C120E37F831"},"EC4890D7051026F02BAD72BBF3C026A0":{"isa":"PBXBuildFile","fileRef":"74394C977DCBF4E3841CBE31C39B03D6"},"2A52425CDABA9D2F1B280D401E15454A":{"isa":"PBXBuildFile","fileRef":"71BBD7396A95F2D8B56C4531A1F89A71"},"5F2245C471F3CF2D575FB0559AFFDD7A":{"isa":"PBXBuildFile","fileRef":"FA77B8BED9AF975201B1FDCA31B3E000"},"FEE426903B1A569BA98F22E637546736":{"isa":"PBXBuildFile","fileRef":"C6C03F90E4867EDFAA3ADA25ED3E22AD"},"ED6DB7DE54EBEC43127429182C334D23":{"isa":"PBXBuildFile","fileRef":"C14FF5F9C3E93A4C0130C553D8CFD56E"},"30A1C49988E558A5EBB34449B9C28C36":{"isa":"PBXBuildFile","fileRef":"2116E4FD81E6C194B3F81BF80BC2F485"},"E4CF1C5328781E2876B0E28124915345":{"isa":"PBXBuildFile","fileRef":"EC9F8EBCCC375EED7B0014686AD5BBE9"},"731ED61DEC31F92A03FB16DFCE3D9160":{"isa":"PBXBuildFile","fileRef":"89F433EFABF2A0043360ECE3E9217294"},"543782625C27DD54DAFF518BD1344C29":{"isa":"PBXBuildFile","fileRef":"F29335655471C0106AFE133D8ED1A1BC"},"022D372CC67095D302C0E6B6E45CB36A":{"isa":"PBXBuildFile","fileRef":"F2CE752B5BF525283C98CD5873CFFFEA"},"F3B340908F6EE3D11BC20963ACC8F9D1":{"isa":"PBXBuildFile","fileRef":"71442E8D5500353B1C1542F43081ED85"},"18BC5A8C7C1CBAB2A0FA7614516E6A25":{"isa":"PBXBuildFile","fileRef":"FDCAF8C952C959C6A06ADC7F414C344A"},"058849571B800A0618E31473E8D8D525":{"isa":"PBXBuildFile","fileRef":"5EC224BCD23C400191477DAA0C69EDF5"},"AA20BE9F5C9511B2D300B9669ACDAEAF":{"isa":"PBXBuildFile","fileRef":"BBBF4BA711DC2122E4100BC7C1B3C06F"},"327365482D00DA8790BF963351FA488D":{"isa":"PBXBuildFile","fileRef":"163BD97181D893D59D29D584BEFB9E0A"},"C0A6A746FEF3E54FF403418A1EFFAFE6":{"isa":"PBXBuildFile","fileRef":"E61FD5165CF38CB7E66F1EBF6F4FA71D"},"7860FE2003741653DB3A2B7EB8386868":{"isa":"PBXBuildFile","fileRef":"CFFBF6C5760EF52F6279D4A3A52B3F51"},"120CDE0829B9201C73EC3E8E93784F51":{"isa":"PBXBuildFile","fileRef":"C20DC51EC27BF229B2CA39C73CADC2D5"},"29A39623FB830718FA875D9B2C32BB5D":{"isa":"PBXBuildFile","fileRef":"9D168331C37BC8F7E40EDA108785BCD4"},"9C08D2CEDF5F050A833A6AEDD5AC175C":{"isa":"PBXBuildFile","fileRef":"9E422497BDA7267E1AD4FCE8211DB204"},"B9EF439F4CF914E6759A00D10824772D":{"isa":"PBXBuildFile","fileRef":"44EABD90BBC737A14B963BD47D3DDFD5"},"72E2C93CAD046BFD81845441D8B54B20":{"isa":"PBXBuildFile","fileRef":"16AD7D7CC10B4E6D970B028C5D90B270"},"B43F1E8A1E41116E167C21F7977BF6BA":{"isa":"PBXBuildFile","fileRef":"D33905BD5BA2314103FBF0F8CE5E5082"},"C9E4DE4276B142825BCFFD075242BE01":{"isa":"PBXBuildFile","fileRef":"72CC7D1008A02A56EDE22EB3AB688B80"},"2B0451B45399754678CDBEC6CE22A5E9":{"isa":"PBXBuildFile","fileRef":"919166DAF234191C4B32A1676FA6CBE8"},"D0CDEC95E8CA47BADEAB65FAAD1D99EF":{"isa":"PBXBuildFile","fileRef":"4737846A926AE90871F9B47335DD9C2E"},"214CDD48F4C7B6CF450F2B47420AE082":{"isa":"PBXBuildFile","fileRef":"FEE41BA3B191D370F89DFF7C4EE81F6E"},"9139D36AE66F2D0A67643D676D856D1D":{"isa":"PBXBuildFile","fileRef":"ABF0D0B13FD19BCDCD391192D1D86306"},"65FAFC2EFCD11490B274BDB25B040E74":{"isa":"PBXBuildFile","fileRef":"1D53EB4D4BC14B46B38B39AF0ADDA646"},"36C47B57AD6BC6B688E060342135B45F":{"isa":"PBXBuildFile","fileRef":"D6EB94848C87E4C1D024BDD5CC73D8F6"},"46E0A3E76299ECF6411E209277580036":{"isa":"PBXBuildFile","fileRef":"8D02A1A59BEE70F1B820034069D43A17"},"ADE407D0E2AA0E66B98F3F6BEA9C5F61":{"isa":"PBXGroup","children":["7A40892F373D938541ABD5C0B364F9EB","E75B11C6AD8C8CEAB9F2976F47FBEDDF"],"sourceTree":"<group>","name":"App"},"52EBA39E95D1403FA4441C9E6B57AC01":{"isa":"PBXGroup","children":["985567CE226265303ADB91A036BF83AC","A57A3DEA65BA4A0F4F8AAFD220663ED0","088D0932D60175C2BDA5243D1EC0BEE5","DC6CCC327DF2C2B22E5AAEBD83AB901B"],"sourceTree":"<group>","name":"Audio"},"E2016ECCC1E15A15DD1B73AFD2522B91":{"isa":"PBXGroup","children":["FA77B8BED9AF975201B1FDCA31B3E000","C6C03F90E4867EDFAA3ADA25ED3E22AD"],"sourceTree":"<group>","name":"Network"},"A88CBEB716A57D3FD80FF14A17098155":{"isa":"PBXGroup","children":["74394C977DCBF4E3841CBE31C39B03D6"],"sourceTree":"<group>","name":"Downloads"},"B23723AD388331477CC5395755BF86EB":{"isa":"PBXGroup","children":["BCF87B68042DE0E180F578E2CE4060B7","4D19AFF36DFAF010F9083858B797561B","3C3196F356410AD962C7DBD92B67B9DC","DAEE62926B4327E27DB63C120E37F831"],"sourceTree":"<group>","name":"Models"},"E790817E7BB961F12229C2E817E20549":{"isa":"PBXGroup","children":["186C58B29862E0F093A0297C699C172F","B23723AD388331477CC5395755BF86EB"],"sourceTree":"<group>","name":"Data"},"9AFC4E1734E7496C0D8731A949D3116E":{"isa":"PBXGroup","children":["71BBD7396A95F2D8B56C4531A1F89A71"],"sourceTree":"<group>","name":"FileSystem"},"42B843EF7DFB5A9F7B3C1EE6A0B1FC12":{"isa":"PBXGroup","children":["52EBA39E95D1403FA4441C9E6B57AC01","E2016ECCC1E15A15DD1B73AFD2522B91","A88CBEB716A57D3FD80FF14A17098155","E790817E7BB961F12229C2E817E20549","9AFC4E1734E7496C0D8731A949D3116E"],"sourceTree":"<group>","name":"Core"},"208A08A1369E111E13057109357FEA9A":{"isa":"PBXGroup","children":["CFFBF6C5760EF52F6279D4A3A52B3F51","C20DC51EC27BF229B2CA39C73CADC2D5","9D168331C37BC8F7E40EDA108785BCD4","9E422497BDA7267E1AD4FCE8211DB204","44EABD90BBC737A14B963BD47D3DDFD5","16AD7D7CC10B4E6D970B028C5D90B270","D33905BD5BA2314103FBF0F8CE5E5082","72CC7D1008A02A56EDE22EB3AB688B80"],"sourceTree":"<group>","name":"Player"},"9A07A1817361E462A6EE2200DD06298A":{"isa":"PBXGroup","children":["FDCAF8C952C959C6A06ADC7F414C344A","5EC224BCD23C400191477DAA0C69EDF5","BBBF4BA711DC2122E4100BC7C1B3C06F","163BD97181D893D59D29D584BEFB9E0A","E61FD5165CF38CB7E66F1EBF6F4FA71D"],"sourceTree":"<group>","name":"Library"},"95EB1F5EA828E8D54C31152008D3CA62":{"isa":"PBXGroup","children":["C14FF5F9C3E93A4C0130C553D8CFD56E","2116E4FD81E6C194B3F81BF80BC2F485","EC9F8EBCCC375EED7B0014686AD5BBE9","89F433EFABF2A0043360ECE3E9217294","F29335655471C0106AFE133D8ED1A1BC"],"sourceTree":"<group>","name":"Browse"},"ECE162EF546A53A2689A18BA3AE297F3":{"isa":"PBXGroup","children":["F2CE752B5BF525283C98CD5873CFFFEA","71442E8D5500353B1C1542F43081ED85"],"sourceTree":"<group>","name":"Folders"},"1679E98EA75EDD6B408F7085867837EF":{"isa":"PBXGroup","children":["919166DAF234191C4B32A1676FA6CBE8","4737846A926AE90871F9B47335DD9C2E"],"sourceTree":"<group>","name":"Settings"},"B7CF7D880B3A46FCF867364DAD872013":{"isa":"PBXGroup","children":["208A08A1369E111E13057109357FEA9A","9A07A1817361E462A6EE2200DD06298A","95EB1F5EA828E8D54C31152008D3CA62","ECE162EF546A53A2689A18BA3AE297F3","1679E98EA75EDD6B408F7085867837EF"],"sourceTree":"<group>","name":"Features"},"5A1E4E8E5E2E69E410C5D37CBE51326D":{"isa":"PBXGroup","children":["FEE41BA3B191D370F89DFF7C4EE81F6E","ABF0D0B13FD19BCDCD391192D1D86306","1D53EB4D4BC14B46B38B39AF0ADDA646","D6EB94848C87E4C1D024BDD5CC73D8F6"],"sourceTree":"<group>","name":"MeloWidgetExtension"},"64F6309D848DC5EBE0672C8DA6AC48F2":{"isa":"PBXGroup","children":["A40CB4649D27A987F004FC633BF92D40","5229860793CBDC3F4D12BAC278971D59"],"name":"Products","sourceTree":"<group>"},"CD6703F0B36DD3D0D2C12645F15A717F":{"isa":"PBXGroup","children":["ADE407D0E2AA0E66B98F3F6BEA9C5F61","42B843EF7DFB5A9F7B3C1EE6A0B1FC12","B7CF7D880B3A46FCF867364DAD872013","5A1E4E8E5E2E69E410C5D37CBE51326D","8D02A1A59BEE70F1B820034069D43A17","64F6309D848DC5EBE0672C8DA6AC48F2"],"sourceTree":"<group>"},"DEC45C578CFB907F89DBB1EA3B01BA6D":{"isa":"PBXNativeTarget","buildConfigurationList":"4D4A623D50199A6A539F32854189837C","buildPhases":["A195A0471B1D85EFFF98D15F67D1FAA3","C87625C782821A468D4BDD3D1546C326","035C9B1C51C4F636FC4168E7FA2F3BED"],"buildRules":[],"dependencies":[],"name":"MeloPlayerClone","productName":"MeloPlayerClone","productReference":"A40CB4649D27A987F004FC633BF92D40","productType":"com.apple.product-type.application"},"DBA2911F57E92708FC56AAC69F4071C1":{"isa":"PBXNativeTarget","buildConfigurationList":"CFF43407B54D04023B4C59F001F9AF0E","buildPhases":["4D32DCC5847066E3F2A92FA476B8CBFA","C3A39AD22903AC7B26AF60AA60574818","894C8B041264461CB1209ACDC40C27D5"],"buildRules":[],"dependencies":[],"name":"MeloWidgetExtension","productName":"MeloWidgetExtension","productReference":"5229860793CBDC3F4D12BAC278971D59","productType":"com.apple.product-type.app-extension"},"5CD759D4193846E4910FD9BB32AF2510":{"isa":"PBXProject","attributes":{"BuildIndependentTargetsInParallel":1,"LastSwiftUpdateCheck":"1600","LastUpgradeCheck":"1600","TargetAttributes":{"DEC45C578CFB907F89DBB1EA3B01BA6D":{"CreatedOnToolsVersion":"16.0"},"DBA2911F57E92708FC56AAC69F4071C1":{"CreatedOnToolsVersion":"16.0"}}},"buildConfigurationList":"8A805679E35EEEEAE21DBBF8EE23C6BA","compatibilityVersion":"Xcode 16.0","developmentRegion":"en","hasScannedForEncodings":0,"knownRegions":["en","Base"],"mainGroup":"CD6703F0B36DD3D0D2C12645F15A717F","productRefGroup":"64F6309D848DC5EBE0672C8DA6AC48F2","projectDirPath":"","projectRoot":"","targets":["DEC45C578CFB907F89DBB1EA3B01BA6D","DBA2911F57E92708FC56AAC69F4071C1"]},"A195A0471B1D85EFFF98D15F67D1FAA3":{"isa":"PBXSourcesBuildPhase","buildActionMask":2147483647,"files":["2C69FFC13CFD9C0E57F1FE7ABAF87B1E","A143693FFFEE9C2A24CBE1A786129E21","4C05AE08C44C8E4C2D1E284718C0F1E2","C153831529BA900B98FBB96CC5ECC1D0","4046871D319194DE7C56F1D6683716D1","393FCF5E55A9AF9B5C974FF90804484D","8478D84330F40A689760BD0C9F1959D3","2943D6C9F6A8DE70E3829F0B7568AB65","795DDB8C943CD7523F7A7530540FC0ED","F2C8398C7F29113FC551D3F9DE8BACB4","EA812D00DD4370CA71D667BBA14DD626","EC4890D7051026F02BAD72BBF3C026A0","2A52425CDABA9D2F1B280D401E15454A","5F2245C471F3CF2D575FB0559AFFDD7A","FEE426903B1A569BA98F22E637546736","ED6DB7DE54EBEC43127429182C334D23","30A1C49988E558A5EBB34449B9C28C36","E4CF1C5328781E2876B0E28124915345","731ED61DEC31F92A03FB16DFCE3D9160","543782625C27DD54DAFF518BD1344C29","022D372CC67095D302C0E6B6E45CB36A","F3B340908F6EE3D11BC20963ACC8F9D1","18BC5A8C7C1CBAB2A0FA7614516E6A25","058849571B800A0618E31473E8D8D525","AA20BE9F5C9511B2D300B9669ACDAEAF","327365482D00DA8790BF963351FA488D","C0A6A746FEF3E54FF403418A1EFFAFE6","7860FE2003741653DB3A2B7EB8386868","120CDE0829B9201C73EC3E8E93784F51","29A39623FB830718FA875D9B2C32BB5D","9C08D2CEDF5F050A833A6AEDD5AC175C","B9EF439F4CF914E6759A00D10824772D","72E2C93CAD046BFD81845441D8B54B20","B43F1E8A1E41116E167C21F7977BF6BA","C9E4DE4276B142825BCFFD075242BE01","2B0451B45399754678CDBEC6CE22A5E9","D0CDEC95E8CA47BADEAB65FAAD1D99EF"],"runOnlyForDeploymentPostprocessing":0},"4D32DCC5847066E3F2A92FA476B8CBFA":{"isa":"PBXSourcesBuildPhase","buildActionMask":2147483647,"files":["214CDD48F4C7B6CF450F2B47420AE082","9139D36AE66F2D0A67643D676D856D1D","65FAFC2EFCD11490B274BDB25B040E74","36C47B57AD6BC6B688E060342135B45F"],"runOnlyForDeploymentPostprocessing":0},"035C9B1C51C4F636FC4168E7FA2F3BED":{"isa":"PBXResourcesBuildPhase","buildActionMask":2147483647,"files":["46E0A3E76299ECF6411E209277580036"],"runOnlyForDeploymentPostprocessing":0},"894C8B041264461CB1209ACDC40C27D5":{"isa":"PBXResourcesBuildPhase","buildActionMask":2147483647,"files":[],"runOnlyForDeploymentPostprocessing":0},"C87625C782821A468D4BDD3D1546C326":{"isa":"PBXFrameworksBuildPhase","buildActionMask":2147483647,"files":[],"runOnlyForDeploymentPostprocessing":0},"C3A39AD22903AC7B26AF60AA60574818":{"isa":"PBXFrameworksBuildPhase","buildActionMask":2147483647,"files":[],"runOnlyForDeploymentPostprocessing":0},"27CAB5CC394F698C6B3C872331A344F3":{"isa":"XCBuildConfiguration","buildSettings":{"ALWAYS_SEARCH_USER_PATHS":"NO","CLANG_ANALYZER_NONNULL":"YES","CLANG_CXX_LANGUAGE_STANDARD":"gnu++20","CLANG_ENABLE_MODULES":"YES","CLANG_ENABLE_OBJC_ARC":"YES","COPY_PHASE_STRIP":"NO","DEBUG_INFORMATION_FORMAT":"dwarf","ENABLE_STRICT_OBJC_MSGSEND":"YES","ENABLE_TESTABILITY":"YES","GCC_DYNAMIC_NO_PIC":"NO","GCC_OPTIMIZATION_LEVEL":"0","GCC_PREPROCESSOR_DEFINITIONS":"DEBUG=1 $(inherited)","MTL_ENABLE_DEBUG_INFO":"INCLUDE_SOURCE","ONLY_ACTIVE_ARCH":"YES","SWIFT_ACTIVE_COMPILATION_CONDITIONS":"DEBUG","SWIFT_OPTIMIZATION_LEVEL":"-Onone","IPHONEOS_DEPLOYMENT_TARGET":"17.0","SDKROOT":"iphoneos","SUPPORTED_PLATFORMS":"iphoneos iphonesimulator","SWIFT_VERSION":"5.0"},"name":"Debug"},"73C758E6554490F76EF2385BDAB8DCCE":{"isa":"XCBuildConfiguration","buildSettings":{"ALWAYS_SEARCH_USER_PATHS":"NO","CLANG_ANALYZER_NONNULL":"YES","CLANG_CXX_LANGUAGE_STANDARD":"gnu++20","CLANG_ENABLE_MODULES":"YES","CLANG_ENABLE_OBJC_ARC":"YES","COPY_PHASE_STRIP":"NO","DEBUG_INFORMATION_FORMAT":"dwarf-with-dsym","ENABLE_NS_ASSERTIONS":"NO","ENABLE_STRICT_OBJC_MSGSEND":"YES","GCC_OPTIMIZATION_LEVEL":"s","MTL_ENABLE_DEBUG_INFO":"NO","SWIFT_COMPILATION_MODE":"wholemodule","SWIFT_OPTIMIZATION_LEVEL":"-O","VALIDATE_PRODUCT":"YES","IPHONEOS_DEPLOYMENT_TARGET":"17.0","SDKROOT":"iphoneos","SUPPORTED_PLATFORMS":"iphoneos iphonesimulator","SWIFT_VERSION":"5.0"},"name":"Release"},"FCC3BB040F6B9A081B6FFEB4FFBCD793":{"isa":"XCBuildConfiguration","buildSettings":{"CODE_SIGN_STYLE":"Automatic","CURRENT_PROJECT_VERSION":"1","ENABLE_PREVIEWS":"YES","GENERATE_INFOPLIST_FILE":"YES","INFOPLIST_KEY_CFBundleDisplayName":"ErrorStream","INFOPLIST_KEY_UIApplicationSceneManifest_Generation":"YES","INFOPLIST_KEY_UIApplicationSupportsIndirectInputEvents":"YES","INFOPLIST_KEY_UILaunchScreen_Generation":"YES","INFOPLIST_KEY_UISupportedInterfaceOrientations":"UIInterfaceOrientationPortrait","INFOPLIST_KEY_UISupportedInterfaceOrientations_iPad":"UIInterfaceOrientationPortrait UIInterfaceOrientationPortraitUpsideDown UIInterfaceOrientationLandscapeLeft UIInterfaceOrientationLandscapeRight","MARKETING_VERSION":"1.0","PRODUCT_BUNDLE_IDENTIFIER":"com.errorstream.app","PRODUCT_NAME":"$(TARGET_NAME)","SWIFT_EMIT_LOC_STRINGS":"YES","TARGETED_DEVICE_FAMILY":"1,2"},"name":"Debug"},"8ED7D223A7964AED3E41DD55EFF62D34":{"isa":"XCBuildConfiguration","buildSettings":{"CODE_SIGN_STYLE":"Automatic","CURRENT_PROJECT_VERSION":"1","ENABLE_PREVIEWS":"YES","GENERATE_INFOPLIST_FILE":"YES","INFOPLIST_KEY_CFBundleDisplayName":"ErrorStream","INFOPLIST_KEY_UIApplicationSceneManifest_Generation":"YES","INFOPLIST_KEY_UIApplicationSupportsIndirectInputEvents":"YES","INFOPLIST_KEY_UILaunchScreen_Generation":"YES","INFOPLIST_KEY_UISupportedInterfaceOrientations":"UIInterfaceOrientationPortrait","INFOPLIST_KEY_UISupportedInterfaceOrientations_iPad":"UIInterfaceOrientationPortrait UIInterfaceOrientationPortraitUpsideDown UIInterfaceOrientationLandscapeLeft UIInterfaceOrientationLandscapeRight","MARKETING_VERSION":"1.0","PRODUCT_BUNDLE_IDENTIFIER":"com.errorstream.app","PRODUCT_NAME":"$(TARGET_NAME)","SWIFT_EMIT_LOC_STRINGS":"YES","TARGETED_DEVICE_FAMILY":"1,2"},"name":"Release"},"ADEAD9A5C2000CE8C41E88DAA3443820":{"isa":"XCBuildConfiguration","buildSettings":{"CODE_SIGN_STYLE":"Automatic","CURRENT_PROJECT_VERSION":"1","GENERATE_INFOPLIST_FILE":"YES","INFOPLIST_KEY_CFBundleDisplayName":"ErrorStream Widget","INFOPLIST_KEY_NSHumanReadableCopyright":"","MARKETING_VERSION":"1.0","PRODUCT_BUNDLE_IDENTIFIER":"com.errorstream.app.widget","PRODUCT_NAME":"$(TARGET_NAME)","SKIP_INSTALL":"YES","SWIFT_EMIT_LOC_STRINGS":"YES","TARGETED_DEVICE_FAMILY":"1,2"},"name":"Debug"},"3E53FB046D0F3C21A68029C7F6CB0156":{"isa":"XCBuildConfiguration","buildSettings":{"CODE_SIGN_STYLE":"Automatic","CURRENT_PROJECT_VERSION":"1","GENERATE_INFOPLIST_FILE":"YES","INFOPLIST_KEY_CFBundleDisplayName":"ErrorStream Widget","INFOPLIST_KEY_NSHumanReadableCopyright":"","MARKETING_VERSION":"1.0","PRODUCT_BUNDLE_IDENTIFIER":"com.errorstream.app.widget","PRODUCT_NAME":"$(TARGET_NAME)","SKIP_INSTALL":"YES","SWIFT_EMIT_LOC_STRINGS":"YES","TARGETED_DEVICE_FAMILY":"1,2"},"name":"Release"},"8A805679E35EEEEAE21DBBF8EE23C6BA":{"isa":"XCConfigurationList","buildConfigurations":["27CAB5CC394F698C6B3C872331A344F3","73C758E6554490F76EF2385BDAB8DCCE"],"defaultConfigurationIsVisible":0,"defaultConfigurationName":"Release"},"4D4A623D50199A6A539F32854189837C":{"isa":"XCConfigurationList","buildConfigurations":["FCC3BB040F6B9A081B6FFEB4FFBCD793","8ED7D223A7964AED3E41DD55EFF62D34"],"defaultConfigurationIsVisible":0,"defaultConfigurationName":"Release"},"CFF43407B54D04023B4C59F001F9AF0E":{"isa":"XCConfigurationList","buildConfigurations":["ADEAD9A5C2000CE8C41E88DAA3443820","3E53FB046D0F3C21A68029C7F6CB0156"],"defaultConfigurationIsVisible":0,"defaultConfigurationName":"Release"}},"rootObject":"5CD759D4193846E4910FD9BB32AF2510"}
